
Microsoft Visual Studio Solution File, Format Version 12.00
# Visual Studio Version 17
VisualStudioVersion = 17.12.35527.113 d17.12
MinimumVisualStudioVersion = 10.0.40219.1
Project("{FAE04EC0-301F-11D3-BF4B-00C04F79EFBC}") = "WiiEmulate", "WiiEmulate.csproj", "{D79275AE-1D2F-4198-A827-F8E17BC4CB73}"
EndProject
Global
	GlobalSection(SolutionConfigurationPlatforms) = preSolution
		Debug|Any CPU = Debug|Any CPU
		Release|Any CPU = Release|Any CPU
	EndGlobalSection
	GlobalSection(ProjectConfigurationPlatforms) = postSolution
		{D79275AE-1D2F-4198-A827-F8E17BC4CB73}.Debug|Any CPU.ActiveCfg = Debug|Any CPU
		{D79275AE-1D2F-4198-A827-F8E17BC4CB73}.Debug|Any CPU.Build.0 = Debug|Any CPU
		{D79275AE-1D2F-4198-A827-F8E17BC4CB73}.Release|Any CPU.ActiveCfg = Release|Any CPU
		{D79275AE-1D2F-4198-A827-F8E17BC4CB73}.Release|Any CPU.Build.0 = Release|Any CPU
	EndGlobalSection
	GlobalSection(SolutionProperties) = preSolution
		HideSolutionNode = FALSE
	EndGlobalSection
EndGlobal
